<?xml version="1.0" encoding="utf-8"?>
<Project ToolsVersion="4.0" xmlns="http://schemas.microsoft.com/developer/msbuild/2003">
  <ItemGroup>
    <Filter Include="Source Files">
      <UniqueIdentifier>{4FC737F1-C7A5-4376-A066-2A32D752A2FF}</UniqueIdentifier>
      <Extensions>cpp;c;cc;cxx;c++;cppm;ixx;def;odl;idl;hpj;bat;asm;asmx</Extensions>
    </Filter>
    <Filter Include="Header Files">
      <UniqueIdentifier>{93995380-89BD-4b04-88EB-625FBE52EBFB}</UniqueIdentifier>
      <Extensions>h;hh;hpp;hxx;h++;hm;inl;inc;ipp;xsd</Extensions>
    </Filter>
    <Filter Include="Resource Files">
      <UniqueIdentifier>{67DA6AB6-F800-4c08-8B7A-83BB121AAD01}</UniqueIdentifier>
      <Extensions>rc;ico;cur;bmp;dlg;rc2;rct;bin;rgs;gif;jpg;jpeg;jpe;resx;tiff;tif;png;wav;mfcribbon-ms</Extensions>
    </Filter>
  </ItemGroup>
  <ItemGroup>
    <ClCompile Include="src\bandit.cpp">
      <Filter>Source Files</Filter>
    </ClCompile>
    <ClCompile Include="src\NeuralNetworks\Layers\Layer.cpp">
      <Filter>Source Files</Filter>
    </ClCompile>
    <ClCompile Include="src\NeuralNetworks\NeuralNetwork.cpp">
      <Filter>Source Files</Filter>
    </ClCompile>
    <ClCompile Include="src\NeuralNetworks\Neuron.cpp">
      <Filter>Source Files</Filter>
    </ClCompile>
    <ClCompile Include="src\ActivationFunctions\Relu.cpp">
      <Filter>Source Files</Filter>
    </ClCompile>
    <ClCompile Include="src\mnist.cpp">
      <Filter>Source Files</Filter>
    </ClCompile>
    <ClCompile Include="src\NeuralNetworks\ClassificationNeuralNetwork.cpp">
      <Filter>Source Files</Filter>
    </ClCompile>
    <ClCompile Include="src\ActivationFunctions\LeakyRelu.cpp">
      <Filter>Source Files</Filter>
    </ClCompile>
    <ClCompile Include="src\CostFunctions\QuadraticCost.cpp">
      <Filter>Source Files</Filter>
    </ClCompile>
    <ClCompile Include="src\ActivationFunctions\Sigmoid.cpp">
      <Filter>Source Files</Filter>
    </ClCompile>
    <ClCompile Include="src\CostFunctions\CrossEntropyCost.cpp">
      <Filter>Source Files</Filter>
    </ClCompile>
    <ClCompile Include="src\CostFunctions\CostFunction.cpp">
      <Filter>Source Files</Filter>
    </ClCompile>
    <ClCompile Include="src\DataLoaders\MnistDataLoader.cpp">
      <Filter>Source Files</Filter>
    </ClCompile>
    <ClCompile Include="src\DataLoaders\ImageNetDataLoader.cpp">
      <Filter>Source Files</Filter>
    </ClCompile>
    <ClCompile Include="src\imagenet.cpp">
      <Filter>Source Files</Filter>
    </ClCompile>
    <ClCompile Include="src\Trainers\ClassificationTrainer.cpp">
      <Filter>Source Files</Filter>
    </ClCompile>
    <ClCompile Include="src\Trainers\Trainer.cpp">
      <Filter>Source Files</Filter>
    </ClCompile>
    <ClCompile Include="src\NeuralNetworks\Layers\DenseLayer.cpp">
      <Filter>Source Files</Filter>
    </ClCompile>
    <ClCompile Include="src\NeuralNetworks\Layers\ConvolutionalLayer.cpp">
      <Filter>Source Files</Filter>
    </ClCompile>
    <ClCompile Include="src\cifar100.cpp">
      <Filter>Source Files</Filter>
    </ClCompile>
  </ItemGroup>
  <ItemGroup>
    <ClInclude Include="src\NeuralNetworks\Layers\Layer.h">
      <Filter>Header Files</Filter>
    </ClInclude>
    <ClInclude Include="src\NeuralNetworks\NeuralNetwork.h">
      <Filter>Header Files</Filter>
    </ClInclude>
    <ClInclude Include="src\NeuralNetworks\Neuron.h">
      <Filter>Header Files</Filter>
    </ClInclude>
    <ClInclude Include="src\ActivationFunctions\ActivationFunction.h">
      <Filter>Header Files</Filter>
    </ClInclude>
    <ClInclude Include="src\ActivationFunctions\Relu.h">
      <Filter>Header Files</Filter>
    </ClInclude>
    <ClInclude Include="src\mnist.h">
      <Filter>Header Files</Filter>
    </ClInclude>
    <ClInclude Include="src\NeuralNetworks\ClassificationNeuralNetwork.h">
      <Filter>Header Files</Filter>
    </ClInclude>
    <ClInclude Include="src\ActivationFunctions\LeakyRelu.h">
      <Filter>Header Files</Filter>
    </ClInclude>
    <ClInclude Include="src\CostFunctions\CostFunction.h">
      <Filter>Header Files</Filter>
    </ClInclude>
    <ClInclude Include="src\CostFunctions\QuadraticCost.h">
      <Filter>Header Files</Filter>
    </ClInclude>
    <ClInclude Include="src\ActivationFunctions\Sigmoid.h">
      <Filter>Header Files</Filter>
    </ClInclude>
    <ClInclude Include="src\CostFunctions\CrossEntropyCost.h">
      <Filter>Header Files</Filter>
    </ClInclude>
    <ClInclude Include="src\DataLoaders\DataLoader.h">
      <Filter>Header Files</Filter>
    </ClInclude>
    <ClInclude Include="src\DataLoaders\MnistDataLoader.h">
      <Filter>Header Files</Filter>
    </ClInclude>
    <ClInclude Include="src\DataLoaders\ImageNetDataLoader.h">
      <Filter>Header Files</Filter>
    </ClInclude>
    <ClInclude Include="src\imagenet.h">
      <Filter>Header Files</Filter>
    </ClInclude>
    <ClInclude Include="src\Trainers\ClassificationTrainer.h">
      <Filter>Header Files</Filter>
    </ClInclude>
    <ClInclude Include="src\Trainers\Trainer.h">
      <Filter>Header Files</Filter>
    </ClInclude>
    <ClInclude Include="src\bandit.h">
      <Filter>Header Files</Filter>
    </ClInclude>
    <ClInclude Include="src\NeuralNetworks\Layers\DenseLayer.h">
      <Filter>Header Files</Filter>
    </ClInclude>
    <ClInclude Include="src\NeuralNetworks\Layers\ConvolutionalLayer.h">
      <Filter>Header Files</Filter>
    </ClInclude>
    <ClInclude Include="src\cifar100.h">
      <Filter>Header Files</Filter>
    </ClInclude>
  </ItemGroup>
  <ItemGroup>
    <None Include="src\DataLoaders\DataLoader.tpp" />
  </ItemGroup>
</Project>